
Microsoft Visual Studio Solution File, Format Version 12.00
# Visual Studio Version 17
VisualStudioVersion = 17.9.34607.119
MinimumVisualStudioVersion = 10.0.40219.1
Project("{888888A0-9F3D-457C-B088-3A5042F75D52}") = "Agrippa", "Agrippa.pyproj", "{27AB5B57-FEB0-41CB-860B-536D822BFD2A}"
EndProject
Global
	GlobalSection(SolutionConfigurationPlatforms) = preSolution
		Debug|Any CPU = Debug|Any CPU
		Release|Any CPU = Release|Any CPU
	EndGlobalSection
	GlobalSection(ProjectConfigurationPlatforms) = postSolution
		{27AB5B57-FEB0-41CB-860B-536D822BFD2A}.Debug|Any CPU.ActiveCfg = Debug|Any CPU
		{27AB5B57-FEB0-41CB-860B-536D822BFD2A}.Release|Any CPU.ActiveCfg = Release|Any CPU
	EndGlobalSection
	GlobalSection(SolutionProperties) = preSolution
		HideSolutionNode = FALSE
	EndGlobalSection
	GlobalSection(ExtensibilityGlobals) = postSolution
		SolutionGuid = {F8FFCDE9-31DF-4415-8C5D-A4B2505361E5}
	EndGlobalSection
EndGlobal
